
Microsoft Visual Studio Solution File, Format Version 12.00
# Visual Studio Version 16
VisualStudioVersion = 16.0.32929.386
MinimumVisualStudioVersion = 10.0.40219.1
Project("{FAE04EC0-301F-11D3-BF4B-00C04F79EFBC}") = "Work_Instruction_Manager", "Work_Instruction_Manager\Work_Instruction_Manager.csproj", "{0110E265-DFE7-431C-8065-8CF13D3AB827}"
EndProject
Global
	GlobalSection(SolutionConfigurationPlatforms) = preSolution
		Debug|Any CPU = Debug|Any CPU
		Release|Any CPU = Release|Any CPU
	EndGlobalSection
	GlobalSection(ProjectConfigurationPlatforms) = postSolution
		{0110E265-DFE7-431C-8065-8CF13D3AB827}.Debug|Any CPU.ActiveCfg = Debug|Any CPU
		{0110E265-DFE7-431C-8065-8CF13D3AB827}.Debug|Any CPU.Build.0 = Debug|Any CPU
		{0110E265-DFE7-431C-8065-8CF13D3AB827}.Release|Any CPU.ActiveCfg = Release|Any CPU
		{0110E265-DFE7-431C-8065-8CF13D3AB827}.Release|Any CPU.Build.0 = Release|Any CPU
	EndGlobalSection
	GlobalSection(SolutionProperties) = preSolution
		HideSolutionNode = FALSE
	EndGlobalSection
	GlobalSection(ExtensibilityGlobals) = postSolution
		SolutionGuid = {4A798292-9F26-49C2-A814-1021A8C15EF5}
	EndGlobalSection
EndGlobal
